{
  "name": "hanomate-project",
  "lockfileVersion": 3,
  "requires": true,
  "packages": {
    "": {
      "devDependencies": {
        "@rollup/rollup-win32-x64-msvc": "^4.60.4"
      }
    },
    "node_modules/@rollup/rollup-win32-x64-msvc": {
      "version": "4.60.4",
      "resolved": "https://registry.npmjs.org/@rollup/rollup-win32-x64-msvc/-/rollup-win32-x64-msvc-4.60.4.tgz",
      "integrity": "sha512-QVTUovf40zgTqlFVrKA1uXMVvU2QWEFWfAH8Wdc48IxLvrJMQVMBRjuQyUpzZCDkakImib9eVazbWlC6ksWtJw==",
      "cpu": [
        "x64"
      ],
      "dev": true,
      "license": "MIT",
      "os": [
        "win32"
      ]
    }
  }
}
